# This file is automatically @generated by Poetry 2.2.1 and should not be changed by hand.

[[package]]
name = "faker"
version = "40.36.0"
description = "Faker is a Python package that generates fake data for you."
optional = false
python-versions = ">=3.10"
groups = ["main"]
files = [
    {file = "faker-40.36.0-py3-none-any.whl", hash = "sha256:82b9497d9cfe017048075bcf969298a74b1b6e39f5e4dad1211085d1133f7b62"},
    {file = "faker-40.36.0.tar.gz", hash = "sha256:754048c76c03afa7de83eee8f4bcee3cf668cbb7d995f54a4e9678db7f110308"},
]

[package.dependencies]
tzdata = {version = "*", markers = "platform_system == \"Windows\""}

[package.extras]
tzdata = ["tzdata"]

[[package]]
name = "tabulate"
version = "0.10.0"
description = "Pretty-print tabular data"
optional = false
python-versions = ">=3.10"
groups = ["main"]
files = [
    {file = "tabulate-0.10.0-py3-none-any.whl", hash = "sha256:f0b0622e567335c8fabaaa659f1b33bcb6ddfe2e496071b743aa113f8774f2d3"},
    {file = "tabulate-0.10.0.tar.gz", hash = "sha256:e2cfde8f79420f6deeffdeda9aaec3b6bc5abce947655d17ac662b126e48a60d"},
]

[package.extras]
widechars = ["wcwidth"]

[[package]]
name = "tzdata"
version = "2026.3"
description = "Provider of IANA time zone data"
optional = false
python-versions = ">=2"
groups = ["main"]
markers = "platform_system == \"Windows\""
files = [
    {file = "tzdata-2026.3-py2.py3-none-any.whl", hash = "sha256:dc096730c87af6cab1b171c9d532be840741ff5d459015e7f6947bd7d7e54931"},
    {file = "tzdata-2026.3.tar.gz", hash = "sha256:4a1518b8993086a7982523e071643f3c0e5f213e75b21318e78bcabfff9d1415"},
]

[metadata]
lock-version = "2.1"
python-versions = "^3.13"
content-hash = "9814a44b8497c581cae3f7d5446496be4ed3b7577fa7b76a62364ff122211205"
